
Microsoft Visual Studio Solution File, Format Version 12.00
# Visual Studio 15
VisualStudioVersion = 15.0.27130.2027
MinimumVisualStudioVersion = 10.0.40219.1
Project("{FAE04EC0-301F-11D3-BF4B-00C04F79EFBC}") = "OnProvider", "OnProvider.csproj", "{83A9B14D-7147-4171-B001-835FFC188272}"
EndProject
Global
	GlobalSection(SolutionConfigurationPlatforms) = preSolution
		Debug|Any CPU = Debug|Any CPU
		Release|Any CPU = Release|Any CPU
	EndGlobalSection
	GlobalSection(ProjectConfigurationPlatforms) = postSolution
		{83A9B14D-7147-4171-B001-835FFC188272}.Debug|Any CPU.ActiveCfg = Debug|Any CPU
		{83A9B14D-7147-4171-B001-835FFC188272}.Debug|Any CPU.Build.0 = Debug|Any CPU
		{83A9B14D-7147-4171-B001-835FFC188272}.Release|Any CPU.ActiveCfg = Release|Any CPU
		{83A9B14D-7147-4171-B001-835FFC188272}.Release|Any CPU.Build.0 = Release|Any CPU
	EndGlobalSection
	GlobalSection(SolutionProperties) = preSolution
		HideSolutionNode = FALSE
	EndGlobalSection
	GlobalSection(ExtensibilityGlobals) = postSolution
		SolutionGuid = {D45CF8F1-CC5B-4FEA-8B5B-4EDC5A7607DD}
	EndGlobalSection
EndGlobal
